
Microsoft Visual Studio Solution File, Format Version 12.00
# Visual Studio Version 17
VisualStudioVersion = 17.1.32319.34
MinimumVisualStudioVersion = 10.0.40219.1
Project("{8BC9CEB8-8B4A-11D0-8D11-00A0C91BC942}") = "ExamenPractic2", "ExamenPractic2\ExamenPractic2.vcxproj", "{BA39F992-845F-49E9-B9E9-1D75699320D8}"
EndProject
Global
	GlobalSection(SolutionConfigurationPlatforms) = preSolution
		Debug|x64 = Debug|x64
		Debug|x86 = Debug|x86
		Release|x64 = Release|x64
		Release|x86 = Release|x86
	EndGlobalSection
	GlobalSection(ProjectConfigurationPlatforms) = postSolution
		{BA39F992-845F-49E9-B9E9-1D75699320D8}.Debug|x64.ActiveCfg = Debug|x64
		{BA39F992-845F-49E9-B9E9-1D75699320D8}.Debug|x64.Build.0 = Debug|x64
		{BA39F992-845F-49E9-B9E9-1D75699320D8}.Debug|x86.ActiveCfg = Debug|Win32
		{BA39F992-845F-49E9-B9E9-1D75699320D8}.Debug|x86.Build.0 = Debug|Win32
		{BA39F992-845F-49E9-B9E9-1D75699320D8}.Release|x64.ActiveCfg = Release|x64
		{BA39F992-845F-49E9-B9E9-1D75699320D8}.Release|x64.Build.0 = Release|x64
		{BA39F992-845F-49E9-B9E9-1D75699320D8}.Release|x86.ActiveCfg = Release|Win32
		{BA39F992-845F-49E9-B9E9-1D75699320D8}.Release|x86.Build.0 = Release|Win32
	EndGlobalSection
	GlobalSection(SolutionProperties) = preSolution
		HideSolutionNode = FALSE
	EndGlobalSection
	GlobalSection(ExtensibilityGlobals) = postSolution
		SolutionGuid = {86787781-6E80-4E61-9C93-7257D8F81D9C}
	EndGlobalSection
EndGlobal
