
Microsoft Visual Studio Solution File, Format Version 12.00
# Visual Studio Version 17
VisualStudioVersion = 17.1.32228.430
MinimumVisualStudioVersion = 10.0.40219.1
Project("{8BC9CEB8-8B4A-11D0-8D11-00A0C91BC942}") = "lab3_sda", "lab3_sda\lab3_sda.vcxproj", "{4794208A-3CB6-40F5-879E-A50884A19F93}"
EndProject
Global
	GlobalSection(SolutionConfigurationPlatforms) = preSolution
		Debug|x64 = Debug|x64
		Debug|x86 = Debug|x86
		Release|x64 = Release|x64
		Release|x86 = Release|x86
	EndGlobalSection
	GlobalSection(ProjectConfigurationPlatforms) = postSolution
		{4794208A-3CB6-40F5-879E-A50884A19F93}.Debug|x64.ActiveCfg = Debug|x64
		{4794208A-3CB6-40F5-879E-A50884A19F93}.Debug|x64.Build.0 = Debug|x64
		{4794208A-3CB6-40F5-879E-A50884A19F93}.Debug|x86.ActiveCfg = Debug|Win32
		{4794208A-3CB6-40F5-879E-A50884A19F93}.Debug|x86.Build.0 = Debug|Win32
		{4794208A-3CB6-40F5-879E-A50884A19F93}.Release|x64.ActiveCfg = Release|x64
		{4794208A-3CB6-40F5-879E-A50884A19F93}.Release|x64.Build.0 = Release|x64
		{4794208A-3CB6-40F5-879E-A50884A19F93}.Release|x86.ActiveCfg = Release|Win32
		{4794208A-3CB6-40F5-879E-A50884A19F93}.Release|x86.Build.0 = Release|Win32
	EndGlobalSection
	GlobalSection(SolutionProperties) = preSolution
		HideSolutionNode = FALSE
	EndGlobalSection
	GlobalSection(ExtensibilityGlobals) = postSolution
		SolutionGuid = {3123F69B-6E59-40E4-A721-0068A40C7580}
	EndGlobalSection
EndGlobal
