
Microsoft Visual Studio Solution File, Format Version 12.00
# Visual Studio Version 17
VisualStudioVersion = 17.1.32319.34
MinimumVisualStudioVersion = 10.0.40219.1
Project("{8BC9CEB8-8B4A-11D0-8D11-00A0C91BC942}") = "SEMINAR7", "SEMINAR7\SEMINAR7.vcxproj", "{CFAA24F7-65AD-4D97-ADC1-42AE48683A2D}"
EndProject
Global
	GlobalSection(SolutionConfigurationPlatforms) = preSolution
		Debug|x64 = Debug|x64
		Release|x64 = Release|x64
	EndGlobalSection
	GlobalSection(ProjectConfigurationPlatforms) = postSolution
		{CFAA24F7-65AD-4D97-ADC1-42AE48683A2D}.Debug|x64.ActiveCfg = Debug|x64
		{CFAA24F7-65AD-4D97-ADC1-42AE48683A2D}.Debug|x64.Build.0 = Debug|x64
		{CFAA24F7-65AD-4D97-ADC1-42AE48683A2D}.Release|x64.ActiveCfg = Release|x64
		{CFAA24F7-65AD-4D97-ADC1-42AE48683A2D}.Release|x64.Build.0 = Release|x64
	EndGlobalSection
	GlobalSection(SolutionProperties) = preSolution
		HideSolutionNode = FALSE
	EndGlobalSection
	GlobalSection(ExtensibilityGlobals) = postSolution
		SolutionGuid = {C2286030-7F82-484C-9E7C-508FC5607DF5}
	EndGlobalSection
EndGlobal
