
Microsoft Visual Studio Solution File, Format Version 10.00
# Visual Studio 2008
Project("{8BC9CEB8-8B4A-11D0-8D11-00A0C91BC942}") = "server", "server\server.vcproj", "{68512B78-D647-4C02-961C-7BBEE49C70FA}"
EndProject
Project("{8BC9CEB8-8B4A-11D0-8D11-00A0C91BC942}") = "client", "client\client.vcproj", "{1C0E467E-3F63-4C9B-9E5D-E0C437C62AAA}"
EndProject
Project("{8BC9CEB8-8B4A-11D0-8D11-00A0C91BC942}") = "serverlib", "serverlib\serverlib.vcproj", "{BA368BE2-C2A6-40B0-8E57-9AE6DC30600B}"
EndProject
Global
	GlobalSection(SolutionConfigurationPlatforms) = preSolution
		Debug|Win32 = Debug|Win32
		Release|Win32 = Release|Win32
	EndGlobalSection
	GlobalSection(ProjectConfigurationPlatforms) = postSolution
		{68512B78-D647-4C02-961C-7BBEE49C70FA}.Debug|Win32.ActiveCfg = Debug|Win32
		{68512B78-D647-4C02-961C-7BBEE49C70FA}.Debug|Win32.Build.0 = Debug|Win32
		{68512B78-D647-4C02-961C-7BBEE49C70FA}.Release|Win32.ActiveCfg = Release|Win32
		{68512B78-D647-4C02-961C-7BBEE49C70FA}.Release|Win32.Build.0 = Release|Win32
		{1C0E467E-3F63-4C9B-9E5D-E0C437C62AAA}.Debug|Win32.ActiveCfg = Debug|Win32
		{1C0E467E-3F63-4C9B-9E5D-E0C437C62AAA}.Debug|Win32.Build.0 = Debug|Win32
		{1C0E467E-3F63-4C9B-9E5D-E0C437C62AAA}.Release|Win32.ActiveCfg = Release|Win32
		{1C0E467E-3F63-4C9B-9E5D-E0C437C62AAA}.Release|Win32.Build.0 = Release|Win32
		{BA368BE2-C2A6-40B0-8E57-9AE6DC30600B}.Debug|Win32.ActiveCfg = Debug|Win32
		{BA368BE2-C2A6-40B0-8E57-9AE6DC30600B}.Debug|Win32.Build.0 = Debug|Win32
		{BA368BE2-C2A6-40B0-8E57-9AE6DC30600B}.Release|Win32.ActiveCfg = Release|Win32
		{BA368BE2-C2A6-40B0-8E57-9AE6DC30600B}.Release|Win32.Build.0 = Release|Win32
	EndGlobalSection
	GlobalSection(SolutionProperties) = preSolution
		HideSolutionNode = FALSE
	EndGlobalSection
EndGlobal
