
Microsoft Visual Studio Solution File, Format Version 12.00
# Visual Studio Version 17
VisualStudioVersion = 17.1.32319.34
MinimumVisualStudioVersion = 10.0.40219.1
Project("{8BC9CEB8-8B4A-11D0-8D11-00A0C91BC942}") = "laborator_05", "laborator_05\laborator_05.vcxproj", "{4BBF7F7A-FE3B-4979-A74D-C0AE42688790}"
EndProject
Global
	GlobalSection(SolutionConfigurationPlatforms) = preSolution
		Debug|x64 = Debug|x64
		Debug|x86 = Debug|x86
		Release|x64 = Release|x64
		Release|x86 = Release|x86
	EndGlobalSection
	GlobalSection(ProjectConfigurationPlatforms) = postSolution
		{4BBF7F7A-FE3B-4979-A74D-C0AE42688790}.Debug|x64.ActiveCfg = Debug|x64
		{4BBF7F7A-FE3B-4979-A74D-C0AE42688790}.Debug|x64.Build.0 = Debug|x64
		{4BBF7F7A-FE3B-4979-A74D-C0AE42688790}.Debug|x86.ActiveCfg = Debug|Win32
		{4BBF7F7A-FE3B-4979-A74D-C0AE42688790}.Debug|x86.Build.0 = Debug|Win32
		{4BBF7F7A-FE3B-4979-A74D-C0AE42688790}.Release|x64.ActiveCfg = Release|x64
		{4BBF7F7A-FE3B-4979-A74D-C0AE42688790}.Release|x64.Build.0 = Release|x64
		{4BBF7F7A-FE3B-4979-A74D-C0AE42688790}.Release|x86.ActiveCfg = Release|Win32
		{4BBF7F7A-FE3B-4979-A74D-C0AE42688790}.Release|x86.Build.0 = Release|Win32
	EndGlobalSection
	GlobalSection(SolutionProperties) = preSolution
		HideSolutionNode = FALSE
	EndGlobalSection
	GlobalSection(ExtensibilityGlobals) = postSolution
		SolutionGuid = {4EB5AB42-AC5E-40AE-930C-FA9E08389D78}
	EndGlobalSection
EndGlobal
