
Microsoft Visual Studio Solution File, Format Version 12.00
# Visual Studio Version 17
VisualStudioVersion = 17.1.32319.34
MinimumVisualStudioVersion = 10.0.40219.1
Project("{8BC9CEB8-8B4A-11D0-8D11-00A0C91BC942}") = "Simulare_OOP", "Simulare_OOP\Simulare_OOP.vcxproj", "{16D9DAB1-ECF9-4877-A161-011F62402341}"
EndProject
Global
	GlobalSection(SolutionConfigurationPlatforms) = preSolution
		Debug|x64 = Debug|x64
		Debug|x86 = Debug|x86
		Release|x64 = Release|x64
		Release|x86 = Release|x86
	EndGlobalSection
	GlobalSection(ProjectConfigurationPlatforms) = postSolution
		{16D9DAB1-ECF9-4877-A161-011F62402341}.Debug|x64.ActiveCfg = Debug|x64
		{16D9DAB1-ECF9-4877-A161-011F62402341}.Debug|x64.Build.0 = Debug|x64
		{16D9DAB1-ECF9-4877-A161-011F62402341}.Debug|x86.ActiveCfg = Debug|Win32
		{16D9DAB1-ECF9-4877-A161-011F62402341}.Debug|x86.Build.0 = Debug|Win32
		{16D9DAB1-ECF9-4877-A161-011F62402341}.Release|x64.ActiveCfg = Release|x64
		{16D9DAB1-ECF9-4877-A161-011F62402341}.Release|x64.Build.0 = Release|x64
		{16D9DAB1-ECF9-4877-A161-011F62402341}.Release|x86.ActiveCfg = Release|Win32
		{16D9DAB1-ECF9-4877-A161-011F62402341}.Release|x86.Build.0 = Release|Win32
	EndGlobalSection
	GlobalSection(SolutionProperties) = preSolution
		HideSolutionNode = FALSE
	EndGlobalSection
	GlobalSection(ExtensibilityGlobals) = postSolution
		SolutionGuid = {35299A11-A18F-4611-90BB-CA69D74DAF7D}
	EndGlobalSection
EndGlobal
