
Microsoft Visual Studio Solution File, Format Version 12.00
# Visual Studio Version 17
VisualStudioVersion = 17.1.32210.238
MinimumVisualStudioVersion = 10.0.40219.1
Project("{8BC9CEB8-8B4A-11D0-8D11-00A0C91BC942}") = "SEMINAR6", "SEMINAR6\SEMINAR6.vcxproj", "{521B9995-5C9C-4A33-9EFA-AD1022390B34}"
EndProject
Global
	GlobalSection(SolutionConfigurationPlatforms) = preSolution
		Debug|x64 = Debug|x64
		Release|x64 = Release|x64
	EndGlobalSection
	GlobalSection(ProjectConfigurationPlatforms) = postSolution
		{521B9995-5C9C-4A33-9EFA-AD1022390B34}.Debug|x64.ActiveCfg = Debug|x64
		{521B9995-5C9C-4A33-9EFA-AD1022390B34}.Debug|x64.Build.0 = Debug|x64
		{521B9995-5C9C-4A33-9EFA-AD1022390B34}.Release|x64.ActiveCfg = Release|x64
		{521B9995-5C9C-4A33-9EFA-AD1022390B34}.Release|x64.Build.0 = Release|x64
	EndGlobalSection
	GlobalSection(SolutionProperties) = preSolution
		HideSolutionNode = FALSE
	EndGlobalSection
	GlobalSection(ExtensibilityGlobals) = postSolution
		SolutionGuid = {B1DC6193-5A4F-4A91-819B-867A2D4B0203}
	EndGlobalSection
EndGlobal
