
Microsoft Visual Studio Solution File, Format Version 12.00
# Visual Studio Version 17
VisualStudioVersion = 17.1.32210.238
MinimumVisualStudioVersion = 10.0.40219.1
Project("{8BC9CEB8-8B4A-11D0-8D11-00A0C91BC942}") = "Lab_2-4_new", "Lab_2-4_new\Lab_2-4_new.vcxproj", "{8230736B-8D13-4C4F-80BE-D812E03BABB1}"
EndProject
Global
	GlobalSection(SolutionConfigurationPlatforms) = preSolution
		Debug|x64 = Debug|x64
		Debug|x86 = Debug|x86
		Release|x64 = Release|x64
		Release|x86 = Release|x86
	EndGlobalSection
	GlobalSection(ProjectConfigurationPlatforms) = postSolution
		{8230736B-8D13-4C4F-80BE-D812E03BABB1}.Debug|x64.ActiveCfg = Debug|x64
		{8230736B-8D13-4C4F-80BE-D812E03BABB1}.Debug|x64.Build.0 = Debug|x64
		{8230736B-8D13-4C4F-80BE-D812E03BABB1}.Debug|x86.ActiveCfg = Debug|Win32
		{8230736B-8D13-4C4F-80BE-D812E03BABB1}.Debug|x86.Build.0 = Debug|Win32
		{8230736B-8D13-4C4F-80BE-D812E03BABB1}.Release|x64.ActiveCfg = Release|x64
		{8230736B-8D13-4C4F-80BE-D812E03BABB1}.Release|x64.Build.0 = Release|x64
		{8230736B-8D13-4C4F-80BE-D812E03BABB1}.Release|x86.ActiveCfg = Release|Win32
		{8230736B-8D13-4C4F-80BE-D812E03BABB1}.Release|x86.Build.0 = Release|Win32
	EndGlobalSection
	GlobalSection(SolutionProperties) = preSolution
		HideSolutionNode = FALSE
	EndGlobalSection
	GlobalSection(ExtensibilityGlobals) = postSolution
		SolutionGuid = {D0DAE8E8-9E65-46AE-956D-3EDC1EEE1396}
	EndGlobalSection
EndGlobal
