
Microsoft Visual Studio Solution File, Format Version 12.00
# Visual Studio Version 17
VisualStudioVersion = 17.1.32319.34
MinimumVisualStudioVersion = 10.0.40219.1
Project("{8BC9CEB8-8B4A-11D0-8D11-00A0C91BC942}") = "Ciorna_simpla", "Ciorna_simpla\Ciorna_simpla.vcxproj", "{A719D106-538A-45A1-90B6-E060E9C8F3FE}"
EndProject
Global
	GlobalSection(SolutionConfigurationPlatforms) = preSolution
		Debug|x64 = Debug|x64
		Debug|x86 = Debug|x86
		Release|x64 = Release|x64
		Release|x86 = Release|x86
	EndGlobalSection
	GlobalSection(ProjectConfigurationPlatforms) = postSolution
		{A719D106-538A-45A1-90B6-E060E9C8F3FE}.Debug|x64.ActiveCfg = Debug|x64
		{A719D106-538A-45A1-90B6-E060E9C8F3FE}.Debug|x64.Build.0 = Debug|x64
		{A719D106-538A-45A1-90B6-E060E9C8F3FE}.Debug|x86.ActiveCfg = Debug|Win32
		{A719D106-538A-45A1-90B6-E060E9C8F3FE}.Debug|x86.Build.0 = Debug|Win32
		{A719D106-538A-45A1-90B6-E060E9C8F3FE}.Release|x64.ActiveCfg = Release|x64
		{A719D106-538A-45A1-90B6-E060E9C8F3FE}.Release|x64.Build.0 = Release|x64
		{A719D106-538A-45A1-90B6-E060E9C8F3FE}.Release|x86.ActiveCfg = Release|Win32
		{A719D106-538A-45A1-90B6-E060E9C8F3FE}.Release|x86.Build.0 = Release|Win32
	EndGlobalSection
	GlobalSection(SolutionProperties) = preSolution
		HideSolutionNode = FALSE
	EndGlobalSection
	GlobalSection(ExtensibilityGlobals) = postSolution
		SolutionGuid = {4079DE21-6320-4A4C-B5B1-96B0F6D38544}
	EndGlobalSection
EndGlobal
