
Microsoft Visual Studio Solution File, Format Version 12.00
# Visual Studio Version 17
VisualStudioVersion = 17.1.32319.34
MinimumVisualStudioVersion = 10.0.40219.1
Project("{8BC9CEB8-8B4A-11D0-8D11-00A0C91BC942}") = "Lab2_4", "Lab2_4\Lab2_4.vcxproj", "{1D20C471-DF01-42E3-80CA-35DB186A7511}"
EndProject
Global
	GlobalSection(SolutionConfigurationPlatforms) = preSolution
		Debug|x64 = Debug|x64
		Debug|x86 = Debug|x86
		Release|x64 = Release|x64
		Release|x86 = Release|x86
	EndGlobalSection
	GlobalSection(ProjectConfigurationPlatforms) = postSolution
		{1D20C471-DF01-42E3-80CA-35DB186A7511}.Debug|x64.ActiveCfg = Debug|x64
		{1D20C471-DF01-42E3-80CA-35DB186A7511}.Debug|x64.Build.0 = Debug|x64
		{1D20C471-DF01-42E3-80CA-35DB186A7511}.Debug|x86.ActiveCfg = Debug|Win32
		{1D20C471-DF01-42E3-80CA-35DB186A7511}.Debug|x86.Build.0 = Debug|Win32
		{1D20C471-DF01-42E3-80CA-35DB186A7511}.Release|x64.ActiveCfg = Release|x64
		{1D20C471-DF01-42E3-80CA-35DB186A7511}.Release|x64.Build.0 = Release|x64
		{1D20C471-DF01-42E3-80CA-35DB186A7511}.Release|x86.ActiveCfg = Release|Win32
		{1D20C471-DF01-42E3-80CA-35DB186A7511}.Release|x86.Build.0 = Release|Win32
	EndGlobalSection
	GlobalSection(SolutionProperties) = preSolution
		HideSolutionNode = FALSE
	EndGlobalSection
	GlobalSection(ExtensibilityGlobals) = postSolution
		SolutionGuid = {AD5F696A-9F64-4DE0-8FA0-666AE57C0515}
	EndGlobalSection
EndGlobal
