
Microsoft Visual Studio Solution File, Format Version 12.00
# Visual Studio Version 17
VisualStudioVersion = 17.1.32319.34
MinimumVisualStudioVersion = 10.0.40219.1
Project("{8BC9CEB8-8B4A-11D0-8D11-00A0C91BC942}") = "SimulareFinal", "SimulareFinal\SimulareFinal.vcxproj", "{157CF884-A6DA-4B17-B526-D4A5D079FDC3}"
EndProject
Global
	GlobalSection(SolutionConfigurationPlatforms) = preSolution
		Debug|x64 = Debug|x64
		Release|x64 = Release|x64
	EndGlobalSection
	GlobalSection(ProjectConfigurationPlatforms) = postSolution
		{157CF884-A6DA-4B17-B526-D4A5D079FDC3}.Debug|x64.ActiveCfg = Debug|x64
		{157CF884-A6DA-4B17-B526-D4A5D079FDC3}.Debug|x64.Build.0 = Debug|x64
		{157CF884-A6DA-4B17-B526-D4A5D079FDC3}.Release|x64.ActiveCfg = Release|x64
		{157CF884-A6DA-4B17-B526-D4A5D079FDC3}.Release|x64.Build.0 = Release|x64
	EndGlobalSection
	GlobalSection(SolutionProperties) = preSolution
		HideSolutionNode = FALSE
	EndGlobalSection
	GlobalSection(ExtensibilityGlobals) = postSolution
		SolutionGuid = {6B676205-3A74-4708-9C93-174914B6D35D}
	EndGlobalSection
EndGlobal
